
Microsoft Visual Studio Solution File, Format Version 12.00
# Visual Studio Version 16
VisualStudioVersion = 16.0.28803.352
MinimumVisualStudioVersion = 10.0.40219.1
Project("{FAE04EC0-301F-11D3-BF4B-00C04F79EFBC}") = "DiccionariodeDatos", "DiccionariodeDatos\DiccionariodeDatos.csproj", "{16BADA60-3401-467A-8531-873C3F6665C7}"
EndProject
Global
	GlobalSection(SolutionConfigurationPlatforms) = preSolution
		Debug|Any CPU = Debug|Any CPU
		Release|Any CPU = Release|Any CPU
	EndGlobalSection
	GlobalSection(ProjectConfigurationPlatforms) = postSolution
		{16BADA60-3401-467A-8531-873C3F6665C7}.Debug|Any CPU.ActiveCfg = Debug|Any CPU
		{16BADA60-3401-467A-8531-873C3F6665C7}.Debug|Any CPU.Build.0 = Debug|Any CPU
		{16BADA60-3401-467A-8531-873C3F6665C7}.Release|Any CPU.ActiveCfg = Release|Any CPU
		{16BADA60-3401-467A-8531-873C3F6665C7}.Release|Any CPU.Build.0 = Release|Any CPU
	EndGlobalSection
	GlobalSection(SolutionProperties) = preSolution
		HideSolutionNode = FALSE
	EndGlobalSection
	GlobalSection(ExtensibilityGlobals) = postSolution
		SolutionGuid = {DFB0144D-BF37-49E2-9963-072604E00340}
	EndGlobalSection
EndGlobal
